// !$*UTF8*$!
{
	archiveVersion = 1;
	classes = {
	};
	objectVersion = 55;
	objects = {

/* Begin PBXBuildFile section */
		7007201528B0B50F003AAC2C /* TwitterApp.swift in Sources */ = {isa = PBXBuildFile; fileRef = 7007201428B0B50F003AAC2C /* TwitterApp.swift */; };
		7007201728B0B50F003AAC2C /* ContentView.swift in Sources */ = {isa = PBXBuildFile; fileRef = 7007201628B0B50F003AAC2C /* ContentView.swift */; };
		7007201928B0B512003AAC2C /* Assets.xcassets in Resources */ = {isa = PBXBuildFile; fileRef = 7007201828B0B512003AAC2C /* Assets.xcassets */; };
		7007201C28B0B512003AAC2C /* Preview Assets.xcassets in Resources */ = {isa = PBXBuildFile; fileRef = 7007201B28B0B512003AAC2C /* Preview Assets.xcassets */; };
		7007202628B0B512003AAC2C /* TwitterTests.swift in Sources */ = {isa = PBXBuildFile; fileRef = 7007202528B0B512003AAC2C /* TwitterTests.swift */; };
		7007203028B0B512003AAC2C /* TwitterUITests.swift in Sources */ = {isa = PBXBuildFile; fileRef = 7007202F28B0B512003AAC2C /* TwitterUITests.swift */; };
		7007203228B0B512003AAC2C /* TwitterUITestsLaunchTests.swift in Sources */ = {isa = PBXBuildFile; fileRef = 7007203128B0B512003AAC2C /* TwitterUITestsLaunchTests.swift */; };
		7007204728B0B5FE003AAC2C /* FeedView.swift in Sources */ = {isa = PBXBuildFile; fileRef = 7007204628B0B5FE003AAC2C /* FeedView.swift */; };
		7007204A28B0B6F5003AAC2C /* TweetRowView.swift in Sources */ = {isa = PBXBuildFile; fileRef = 7007204928B0B6F5003AAC2C /* TweetRowView.swift */; };
		7007204D28B1D4DE003AAC2C /* MainTabView.swift in Sources */ = {isa = PBXBuildFile; fileRef = 7007204C28B1D4DE003AAC2C /* MainTabView.swift */; };
		7007205328B1D690003AAC2C /* ExploreView.swift in Sources */ = {isa = PBXBuildFile; fileRef = 7007205228B1D690003AAC2C /* ExploreView.swift */; };
		7007205628B1D6AA003AAC2C /* MessageView.swift in Sources */ = {isa = PBXBuildFile; fileRef = 7007205528B1D6AA003AAC2C /* MessageView.swift */; };
		7007205828B1D6B2003AAC2C /* NotificationView.swift in Sources */ = {isa = PBXBuildFile; fileRef = 7007205728B1D6B2003AAC2C /* NotificationView.swift */; };
		7007205D28B1D97F003AAC2C /* ProfileView.swift in Sources */ = {isa = PBXBuildFile; fileRef = 7007205C28B1D97F003AAC2C /* ProfileView.swift */; };
		7007205F28B1E7A1003AAC2C /* TweetFilterViewModel.swift in Sources */ = {isa = PBXBuildFile; fileRef = 7007205E28B1E7A1003AAC2C /* TweetFilterViewModel.swift */; };
		7007206428B201D0003AAC2C /* UserRowView.swift in Sources */ = {isa = PBXBuildFile; fileRef = 7007206328B201D0003AAC2C /* UserRowView.swift */; };
		7007206C28B3A9DE003AAC2C /* SideViewModel.swift in Sources */ = {isa = PBXBuildFile; fileRef = 7007206B28B3A9DE003AAC2C /* SideViewModel.swift */; };
		7007206E28B3AAB3003AAC2C /* SideMenuView.swift in Sources */ = {isa = PBXBuildFile; fileRef = 7007206D28B3AAB3003AAC2C /* SideMenuView.swift */; };
		7007207028B3AABF003AAC2C /* SideMenuRowView.swift in Sources */ = {isa = PBXBuildFile; fileRef = 7007206F28B3AABF003AAC2C /* SideMenuRowView.swift */; };
		7007207228B3AC04003AAC2C /* UserStatsView.swift in Sources */ = {isa = PBXBuildFile; fileRef = 7007207128B3AC04003AAC2C /* UserStatsView.swift */; };
		701E404A28C373DA0036B582 /* CustomInputField.swift in Sources */ = {isa = PBXBuildFile; fileRef = 701E404928C373DA0036B582 /* CustomInputField.swift */; };
		701E404C28C453E00036B582 /* GoogleService-Info.plist in Resources */ = {isa = PBXBuildFile; fileRef = 701E404B28C453E00036B582 /* GoogleService-Info.plist */; };
		7041F16B28B9F8940003A4F6 /* NewTweetView.swift in Sources */ = {isa = PBXBuildFile; fileRef = 7041F16A28B9F8940003A4F6 /* NewTweetView.swift */; };
		7041F16D28B9FAB70003A4F6 /* TextArea.swift in Sources */ = {isa = PBXBuildFile; fileRef = 7041F16C28B9FAB70003A4F6 /* TextArea.swift */; };
		7041F17228BA00A20003A4F6 /* LoginView.swift in Sources */ = {isa = PBXBuildFile; fileRef = 7041F17128BA00A20003A4F6 /* LoginView.swift */; };
		7041F17428BA00AD0003A4F6 /* RegistrationView.swift in Sources */ = {isa = PBXBuildFile; fileRef = 7041F17328BA00AD0003A4F6 /* RegistrationView.swift */; };
		7041F17628BA02F40003A4F6 /* RoundedShape.swift in Sources */ = {isa = PBXBuildFile; fileRef = 7041F17528BA02F40003A4F6 /* RoundedShape.swift */; };
		70716C4928C4548500D73737 /* FirebaseAuth in Frameworks */ = {isa = PBXBuildFile; productRef = 70716C4828C4548500D73737 /* FirebaseAuth */; };
		70716C4B28C4548500D73737 /* FirebaseFirestore in Frameworks */ = {isa = PBXBuildFile; productRef = 70716C4A28C4548500D73737 /* FirebaseFirestore */; };
		70716C4D28C4548500D73737 /* FirebaseFirestoreSwift in Frameworks */ = {isa = PBXBuildFile; productRef = 70716C4C28C4548500D73737 /* FirebaseFirestoreSwift */; };
		70716C4F28C4548500D73737 /* FirebaseStorage in Frameworks */ = {isa = PBXBuildFile; productRef = 70716C4E28C4548500D73737 /* FirebaseStorage */; };
		70716C5128C4567000D73737 /* AuthViewModel.swift in Sources */ = {isa = PBXBuildFile; fileRef = 70716C5028C4567000D73737 /* AuthViewModel.swift */; };
		70A8991528CCB31C00F03454 /* ProfilePhotoSelectorView.swift in Sources */ = {isa = PBXBuildFile; fileRef = 70A8991428CCB31C00F03454 /* ProfilePhotoSelectorView.swift */; };
/* End PBXBuildFile section */

/* Begin PBXContainerItemProxy section */
		7007202228B0B512003AAC2C /* PBXContainerItemProxy */ = {
			isa = PBXContainerItemProxy;
			containerPortal = 7007200928B0B50F003AAC2C /* Project object */;
			proxyType = 1;
			remoteGlobalIDString = 7007201028B0B50F003AAC2C;
			remoteInfo = Twitter;
		};
		7007202C28B0B512003AAC2C /* PBXContainerItemProxy */ = {
			isa = PBXContainerItemProxy;
			containerPortal = 7007200928B0B50F003AAC2C /* Project object */;
			proxyType = 1;
			remoteGlobalIDString = 7007201028B0B50F003AAC2C;
			remoteInfo = Twitter;
		};
/* End PBXContainerItemProxy section */

/* Begin PBXFileReference section */
		7007201128B0B50F003AAC2C /* Twitter.app */ = {isa = PBXFileReference; explicitFileType = wrapper.application; includeInIndex = 0; path = Twitter.app; sourceTree = BUILT_PRODUCTS_DIR; };
		7007201428B0B50F003AAC2C /* TwitterApp.swift */ = {isa = PBXFileReference; lastKnownFileType = sourcecode.swift; path = TwitterApp.swift; sourceTree = "<group>"; };
		7007201628B0B50F003AAC2C /* ContentView.swift */ = {isa = PBXFileReference; lastKnownFileType = sourcecode.swift; path = ContentView.swift; sourceTree = "<group>"; };
		7007201828B0B512003AAC2C /* Assets.xcassets */ = {isa = PBXFileReference; lastKnownFileType = folder.assetcatalog; path = Assets.xcassets; sourceTree = "<group>"; };
		7007201B28B0B512003AAC2C /* Preview Assets.xcassets */ = {isa = PBXFileReference; lastKnownFileType = folder.assetcatalog; path = "Preview Assets.xcassets"; sourceTree = "<group>"; };
		7007202128B0B512003AAC2C /* TwitterTests.xctest */ = {isa = PBXFileReference; explicitFileType = wrapper.cfbundle; includeInIndex = 0; path = TwitterTests.xctest; sourceTree = BUILT_PRODUCTS_DIR; };
		7007202528B0B512003AAC2C /* TwitterTests.swift */ = {isa = PBXFileReference; lastKnownFileType = sourcecode.swift; path = TwitterTests.swift; sourceTree = "<group>"; };
		7007202B28B0B512003AAC2C /* TwitterUITests.xctest */ = {isa = PBXFileReference; explicitFileType = wrapper.cfbundle; includeInIndex = 0; path = TwitterUITests.xctest; sourceTree = BUILT_PRODUCTS_DIR; };
		7007202F28B0B512003AAC2C /* TwitterUITests.swift */ = {isa = PBXFileReference; lastKnownFileType = sourcecode.swift; path = TwitterUITests.swift; sourceTree = "<group>"; };
		7007203128B0B512003AAC2C /* TwitterUITestsLaunchTests.swift */ = {isa = PBXFileReference; lastKnownFileType = sourcecode.swift; path = TwitterUITestsLaunchTests.swift; sourceTree = "<group>"; };
		7007204628B0B5FE003AAC2C /* FeedView.swift */ = {isa = PBXFileReference; lastKnownFileType = sourcecode.swift; path = FeedView.swift; sourceTree = "<group>"; };
		7007204928B0B6F5003AAC2C /* TweetRowView.swift */ = {isa = PBXFileReference; lastKnownFileType = sourcecode.swift; path = TweetRowView.swift; sourceTree = "<group>"; };
		7007204C28B1D4DE003AAC2C /* MainTabView.swift */ = {isa = PBXFileReference; lastKnownFileType = sourcecode.swift; path = MainTabView.swift; sourceTree = "<group>"; };
		7007205228B1D690003AAC2C /* ExploreView.swift */ = {isa = PBXFileReference; lastKnownFileType = sourcecode.swift; path = ExploreView.swift; sourceTree = "<group>"; };
		7007205528B1D6AA003AAC2C /* MessageView.swift */ = {isa = PBXFileReference; lastKnownFileType = sourcecode.swift; path = MessageView.swift; sourceTree = "<group>"; };
		7007205728B1D6B2003AAC2C /* NotificationView.swift */ = {isa = PBXFileReference; lastKnownFileType = sourcecode.swift; path = NotificationView.swift; sourceTree = "<group>"; };
		7007205C28B1D97F003AAC2C /* ProfileView.swift */ = {isa = PBXFileReference; lastKnownFileType = sourcecode.swift; path = ProfileView.swift; sourceTree = "<group>"; };
		7007205E28B1E7A1003AAC2C /* TweetFilterViewModel.swift */ = {isa = PBXFileReference; lastKnownFileType = sourcecode.swift; name = TweetFilterViewModel.swift; path = Twitter/Core/Profile/Views/TweetFilterViewModel.swift; sourceTree = SOURCE_ROOT; };
		7007206328B201D0003AAC2C /* UserRowView.swift */ = {isa = PBXFileReference; lastKnownFileType = sourcecode.swift; path = UserRowView.swift; sourceTree = "<group>"; };
		7007206B28B3A9DE003AAC2C /* SideViewModel.swift */ = {isa = PBXFileReference; lastKnownFileType = sourcecode.swift; path = SideViewModel.swift; sourceTree = "<group>"; };
		7007206D28B3AAB3003AAC2C /* SideMenuView.swift */ = {isa = PBXFileReference; lastKnownFileType = sourcecode.swift; path = SideMenuView.swift; sourceTree = "<group>"; };
		7007206F28B3AABF003AAC2C /* SideMenuRowView.swift */ = {isa = PBXFileReference; lastKnownFileType = sourcecode.swift; path = SideMenuRowView.swift; sourceTree = "<group>"; };
		7007207128B3AC04003AAC2C /* UserStatsView.swift */ = {isa = PBXFileReference; lastKnownFileType = sourcecode.swift; path = UserStatsView.swift; sourceTree = "<group>"; };
		701E404928C373DA0036B582 /* CustomInputField.swift */ = {isa = PBXFileReference; lastKnownFileType = sourcecode.swift; path = CustomInputField.swift; sourceTree = "<group>"; };
		701E404B28C453E00036B582 /* GoogleService-Info.plist */ = {isa = PBXFileReference; fileEncoding = 4; lastKnownFileType = text.plist.xml; path = "GoogleService-Info.plist"; sourceTree = "<group>"; };
		7041F16A28B9F8940003A4F6 /* NewTweetView.swift */ = {isa = PBXFileReference; lastKnownFileType = sourcecode.swift; path = NewTweetView.swift; sourceTree = "<group>"; };
		7041F16C28B9FAB70003A4F6 /* TextArea.swift */ = {isa = PBXFileReference; lastKnownFileType = sourcecode.swift; path = TextArea.swift; sourceTree = "<group>"; };
		7041F17128BA00A20003A4F6 /* LoginView.swift */ = {isa = PBXFileReference; lastKnownFileType = sourcecode.swift; path = LoginView.swift; sourceTree = "<group>"; };
		7041F17328BA00AD0003A4F6 /* RegistrationView.swift */ = {isa = PBXFileReference; lastKnownFileType = sourcecode.swift; path = RegistrationView.swift; sourceTree = "<group>"; };
		7041F17528BA02F40003A4F6 /* RoundedShape.swift */ = {isa = PBXFileReference; lastKnownFileType = sourcecode.swift; path = RoundedShape.swift; sourceTree = "<group>"; };
		70716C5028C4567000D73737 /* AuthViewModel.swift */ = {isa = PBXFileReference; lastKnownFileType = sourcecode.swift; path = AuthViewModel.swift; sourceTree = "<group>"; };
		70A8991428CCB31C00F03454 /* ProfilePhotoSelectorView.swift */ = {isa = PBXFileReference; lastKnownFileType = sourcecode.swift; path = ProfilePhotoSelectorView.swift; sourceTree = "<group>"; };
/* End PBXFileReference section */

/* Begin PBXFrameworksBuildPhase section */
		7007200E28B0B50F003AAC2C /* Frameworks */ = {
			isa = PBXFrameworksBuildPhase;
			buildActionMask = 2147483647;
			files = (
				70716C4928C4548500D73737 /* FirebaseAuth in Frameworks */,
				70716C4F28C4548500D73737 /* FirebaseStorage in Frameworks */,
				70716C4B28C4548500D73737 /* FirebaseFirestore in Frameworks */,
				70716C4D28C4548500D73737 /* FirebaseFirestoreSwift in Frameworks */,
			);
			runOnlyForDeploymentPostprocessing = 0;
		};
		7007201E28B0B512003AAC2C /* Frameworks */ = {
			isa = PBXFrameworksBuildPhase;
			buildActionMask = 2147483647;
			files = (
			);
			runOnlyForDeploymentPostprocessing = 0;
		};
		7007202828B0B512003AAC2C /* Frameworks */ = {
			isa = PBXFrameworksBuildPhase;
			buildActionMask = 2147483647;
			files = (
			);
			runOnlyForDeploymentPostprocessing = 0;
		};
/* End PBXFrameworksBuildPhase section */

/* Begin PBXGroup section */
		7007200828B0B50F003AAC2C = {
			isa = PBXGroup;
			children = (
				7007201328B0B50F003AAC2C /* Twitter */,
				7007202428B0B512003AAC2C /* TwitterTests */,
				7007202E28B0B512003AAC2C /* TwitterUITests */,
				7007201228B0B50F003AAC2C /* Products */,
			);
			sourceTree = "<group>";
		};
		7007201228B0B50F003AAC2C /* Products */ = {
			isa = PBXGroup;
			children = (
				7007201128B0B50F003AAC2C /* Twitter.app */,
				7007202128B0B512003AAC2C /* TwitterTests.xctest */,
				7007202B28B0B512003AAC2C /* TwitterUITests.xctest */,
			);
			name = Products;
			sourceTree = "<group>";
		};
		7007201328B0B50F003AAC2C /* Twitter */ = {
			isa = PBXGroup;
			children = (
				7007204128B0B566003AAC2C /* Extensions */,
				7007204028B0B55F003AAC2C /* Modal */,
				7007203F28B0B55C003AAC2C /* Service */,
				7007203E28B0B547003AAC2C /* Core */,
				7007201428B0B50F003AAC2C /* TwitterApp.swift */,
				7007201628B0B50F003AAC2C /* ContentView.swift */,
				701E404B28C453E00036B582 /* GoogleService-Info.plist */,
				7007201828B0B512003AAC2C /* Assets.xcassets */,
				7007201A28B0B512003AAC2C /* Preview Content */,
			);
			path = Twitter;
			sourceTree = "<group>";
		};
		7007201A28B0B512003AAC2C /* Preview Content */ = {
			isa = PBXGroup;
			children = (
				7007201B28B0B512003AAC2C /* Preview Assets.xcassets */,
			);
			path = "Preview Content";
			sourceTree = "<group>";
		};
		7007202428B0B512003AAC2C /* TwitterTests */ = {
			isa = PBXGroup;
			children = (
				7007202528B0B512003AAC2C /* TwitterTests.swift */,
			);
			path = TwitterTests;
			sourceTree = "<group>";
		};
		7007202E28B0B512003AAC2C /* TwitterUITests */ = {
			isa = PBXGroup;
			children = (
				7007202F28B0B512003AAC2C /* TwitterUITests.swift */,
				7007203128B0B512003AAC2C /* TwitterUITestsLaunchTests.swift */,
			);
			path = TwitterUITests;
			sourceTree = "<group>";
		};
		7007203E28B0B547003AAC2C /* Core */ = {
			isa = PBXGroup;
			children = (
				7007204228B0B579003AAC2C /* Components */,
				7041F16E28BA008A0003A4F6 /* Authentication */,
				7041F16728B9F87C0003A4F6 /* UploadTweet */,
				7007206528B3A9AD003AAC2C /* SideMenu */,
				7007205928B1D960003AAC2C /* Profile */,
				7007204F28B1D662003AAC2C /* Explore */,
				7007204E28B1D65D003AAC2C /* Home */,
				7007205128B1D674003AAC2C /* Messages */,
				7007205028B1D669003AAC2C /* Notification */,
				7007204B28B1D4D1003AAC2C /* MainTab */,
				7007204328B0B582003AAC2C /* Feed */,
			);
			path = Core;
			sourceTree = "<group>";
		};
		7007203F28B0B55C003AAC2C /* Service */ = {
			isa = PBXGroup;
			children = (
			);
			path = Service;
			sourceTree = "<group>";
		};
		7007204028B0B55F003AAC2C /* Modal */ = {
			isa = PBXGroup;
			children = (
			);
			path = Modal;
			sourceTree = "<group>";
		};
		7007204128B0B566003AAC2C /* Extensions */ = {
			isa = PBXGroup;
			children = (
			);
			path = Extensions;
			sourceTree = "<group>";
		};
		7007204228B0B579003AAC2C /* Components */ = {
			isa = PBXGroup;
			children = (
				7007206228B201CA003AAC2C /* Users */,
				7007204828B0B6C6003AAC2C /* Tweets */,
				7041F16C28B9FAB70003A4F6 /* TextArea.swift */,
				7041F17528BA02F40003A4F6 /* RoundedShape.swift */,
				701E404928C373DA0036B582 /* CustomInputField.swift */,
			);
			path = Components;
			sourceTree = "<group>";
		};
		7007204328B0B582003AAC2C /* Feed */ = {
			isa = PBXGroup;
			children = (
				7007204528B0B5E2003AAC2C /* View */,
				7007204428B0B5C3003AAC2C /* ViewModels */,
			);
			path = Feed;
			sourceTree = "<group>";
		};
		7007204428B0B5C3003AAC2C /* ViewModels */ = {
			isa = PBXGroup;
			children = (
			);
			path = ViewModels;
			sourceTree = "<group>";
		};
		7007204528B0B5E2003AAC2C /* View */ = {
			isa = PBXGroup;
			children = (
				7007204628B0B5FE003AAC2C /* FeedView.swift */,
			);
			path = View;
			sourceTree = "<group>";
		};
		7007204828B0B6C6003AAC2C /* Tweets */ = {
			isa = PBXGroup;
			children = (
				7007204928B0B6F5003AAC2C /* TweetRowView.swift */,
			);
			path = Tweets;
			sourceTree = "<group>";
		};
		7007204B28B1D4D1003AAC2C /* MainTab */ = {
			isa = PBXGroup;
			children = (
				7007204C28B1D4DE003AAC2C /* MainTabView.swift */,
			);
			path = MainTab;
			sourceTree = "<group>";
		};
		7007204E28B1D65D003AAC2C /* Home */ = {
			isa = PBXGroup;
			children = (
			);
			path = Home;
			sourceTree = "<group>";
		};
		7007204F28B1D662003AAC2C /* Explore */ = {
			isa = PBXGroup;
			children = (
				7007206128B20193003AAC2C /* Views */,
				7007206028B2018D003AAC2C /* ViewModels */,
			);
			path = Explore;
			sourceTree = "<group>";
		};
		7007205028B1D669003AAC2C /* Notification */ = {
			isa = PBXGroup;
			children = (
				7007205728B1D6B2003AAC2C /* NotificationView.swift */,
			);
			path = Notification;
			sourceTree = "<group>";
		};
		7007205128B1D674003AAC2C /* Messages */ = {
			isa = PBXGroup;
			children = (
				7007205528B1D6AA003AAC2C /* MessageView.swift */,
			);
			path = Messages;
			sourceTree = "<group>";
		};
		7007205928B1D960003AAC2C /* Profile */ = {
			isa = PBXGroup;
			children = (
				7007205B28B1D963003AAC2C /* ViewModels */,
				7007205A28B1D962003AAC2C /* Views */,
			);
			path = Profile;
			sourceTree = "<group>";
		};
		7007205A28B1D962003AAC2C /* Views */ = {
			isa = PBXGroup;
			children = (
				7007205C28B1D97F003AAC2C /* ProfileView.swift */,
			);
			path = Views;
			sourceTree = "<group>";
		};
		7007205B28B1D963003AAC2C /* ViewModels */ = {
			isa = PBXGroup;
			children = (
				7007205E28B1E7A1003AAC2C /* TweetFilterViewModel.swift */,
			);
			name = ViewModels;
			path = "New Group/ViewModels";
			sourceTree = "<group>";
		};
		7007206028B2018D003AAC2C /* ViewModels */ = {
			isa = PBXGroup;
			children = (
			);
			path = ViewModels;
			sourceTree = "<group>";
		};
		7007206128B20193003AAC2C /* Views */ = {
			isa = PBXGroup;
			children = (
				7007205228B1D690003AAC2C /* ExploreView.swift */,
			);
			path = Views;
			sourceTree = "<group>";
		};
		7007206228B201CA003AAC2C /* Users */ = {
			isa = PBXGroup;
			children = (
				7007206328B201D0003AAC2C /* UserRowView.swift */,
				7007207128B3AC04003AAC2C /* UserStatsView.swift */,
			);
			path = Users;
			sourceTree = "<group>";
		};
		7007206528B3A9AD003AAC2C /* SideMenu */ = {
			isa = PBXGroup;
			children = (
				7007206728B3A9B4003AAC2C /* ViewModels */,
				7007206628B3A9B1003AAC2C /* Views */,
			);
			path = SideMenu;
			sourceTree = "<group>";
		};
		7007206628B3A9B1003AAC2C /* Views */ = {
			isa = PBXGroup;
			children = (
				7007206D28B3AAB3003AAC2C /* SideMenuView.swift */,
				7007206F28B3AABF003AAC2C /* SideMenuRowView.swift */,
			);
			path = Views;
			sourceTree = "<group>";
		};
		7007206728B3A9B4003AAC2C /* ViewModels */ = {
			isa = PBXGroup;
			children = (
				7007206B28B3A9DE003AAC2C /* SideViewModel.swift */,
			);
			path = ViewModels;
			sourceTree = "<group>";
		};
		7041F16728B9F87C0003A4F6 /* UploadTweet */ = {
			isa = PBXGroup;
			children = (
				7041F16928B9F8870003A4F6 /* Views */,
				7041F16828B9F8810003A4F6 /* ViewModels */,
			);
			path = UploadTweet;
			sourceTree = "<group>";
		};
		7041F16828B9F8810003A4F6 /* ViewModels */ = {
			isa = PBXGroup;
			children = (
			);
			path = ViewModels;
			sourceTree = "<group>";
		};
		7041F16928B9F8870003A4F6 /* Views */ = {
			isa = PBXGroup;
			children = (
				7041F16A28B9F8940003A4F6 /* NewTweetView.swift */,
			);
			path = Views;
			sourceTree = "<group>";
		};
		7041F16E28BA008A0003A4F6 /* Authentication */ = {
			isa = PBXGroup;
			children = (
				7041F17028BA00950003A4F6 /* Views */,
				7041F16F28BA00910003A4F6 /* ViewModels */,
			);
			path = Authentication;
			sourceTree = "<group>";
		};
		7041F16F28BA00910003A4F6 /* ViewModels */ = {
			isa = PBXGroup;
			children = (
				70716C5028C4567000D73737 /* AuthViewModel.swift */,
			);
			path = ViewModels;
			sourceTree = "<group>";
		};
		7041F17028BA00950003A4F6 /* Views */ = {
			isa = PBXGroup;
			children = (
				7041F17128BA00A20003A4F6 /* LoginView.swift */,
				7041F17328BA00AD0003A4F6 /* RegistrationView.swift */,
				70A8991428CCB31C00F03454 /* ProfilePhotoSelectorView.swift */,
			);
			path = Views;
			sourceTree = "<group>";
		};
/* End PBXGroup section */

/* Begin PBXNativeTarget section */
		7007201028B0B50F003AAC2C /* Twitter */ = {
			isa = PBXNativeTarget;
			buildConfigurationList = 7007203528B0B512003AAC2C /* Build configuration list for PBXNativeTarget "Twitter" */;
			buildPhases = (
				7007200D28B0B50F003AAC2C /* Sources */,
				7007200E28B0B50F003AAC2C /* Frameworks */,
				7007200F28B0B50F003AAC2C /* Resources */,
			);
			buildRules = (
			);
			dependencies = (
			);
			name = Twitter;
			packageProductDependencies = (
				70716C4828C4548500D73737 /* FirebaseAuth */,
				70716C4A28C4548500D73737 /* FirebaseFirestore */,
				70716C4C28C4548500D73737 /* FirebaseFirestoreSwift */,
				70716C4E28C4548500D73737 /* FirebaseStorage */,
			);
			productName = Twitter;
			productReference = 7007201128B0B50F003AAC2C /* Twitter.app */;
			productType = "com.apple.product-type.application";
		};
		7007202028B0B512003AAC2C /* TwitterTests */ = {
			isa = PBXNativeTarget;
			buildConfigurationList = 7007203828B0B512003AAC2C /* Build configuration list for PBXNativeTarget "TwitterTests" */;
			buildPhases = (
				7007201D28B0B512003AAC2C /* Sources */,
				7007201E28B0B512003AAC2C /* Frameworks */,
				7007201F28B0B512003AAC2C /* Resources */,
			);
			buildRules = (
			);
			dependencies = (
				7007202328B0B512003AAC2C /* PBXTargetDependency */,
			);
			name = TwitterTests;
			productName = TwitterTests;
			productReference = 7007202128B0B512003AAC2C /* TwitterTests.xctest */;
			productType = "com.apple.product-type.bundle.unit-test";
		};
		7007202A28B0B512003AAC2C /* TwitterUITests */ = {
			isa = PBXNativeTarget;
			buildConfigurationList = 7007203B28B0B512003AAC2C /* Build configuration list for PBXNativeTarget "TwitterUITests" */;
			buildPhases = (
				7007202728B0B512003AAC2C /* Sources */,
				7007202828B0B512003AAC2C /* Frameworks */,
				7007202928B0B512003AAC2C /* Resources */,
			);
			buildRules = (
			);
			dependencies = (
				7007202D28B0B512003AAC2C /* PBXTargetDependency */,
			);
			name = TwitterUITests;
			productName = TwitterUITests;
			productReference = 7007202B28B0B512003AAC2C /* TwitterUITests.xctest */;
			productType = "com.apple.product-type.bundle.ui-testing";
		};
/* End PBXNativeTarget section */

/* Begin PBXProject section */
		7007200928B0B50F003AAC2C /* Project object */ = {
			isa = PBXProject;
			attributes = {
				BuildIndependentTargetsInParallel = 1;
				LastSwiftUpdateCheck = 1340;
				LastUpgradeCheck = 1340;
				TargetAttributes = {
					7007201028B0B50F003AAC2C = {
						CreatedOnToolsVersion = 13.4.1;
					};
					7007202028B0B512003AAC2C = {
						CreatedOnToolsVersion = 13.4.1;
						TestTargetID = 7007201028B0B50F003AAC2C;
					};
					7007202A28B0B512003AAC2C = {
						CreatedOnToolsVersion = 13.4.1;
						TestTargetID = 7007201028B0B50F003AAC2C;
					};
				};
			};
			buildConfigurationList = 7007200C28B0B50F003AAC2C /* Build configuration list for PBXProject "Twitter" */;
			compatibilityVersion = "Xcode 13.0";
			developmentRegion = en;
			hasScannedForEncodings = 0;
			knownRegions = (
				en,
				Base,
			);
			mainGroup = 7007200828B0B50F003AAC2C;
			packageReferences = (
				70716C4728C4548500D73737 /* XCRemoteSwiftPackageReference "firebase-ios-sdk" */,
			);
			productRefGroup = 7007201228B0B50F003AAC2C /* Products */;
			projectDirPath = "";
			projectRoot = "";
			targets = (
				7007201028B0B50F003AAC2C /* Twitter */,
				7007202028B0B512003AAC2C /* TwitterTests */,
				7007202A28B0B512003AAC2C /* TwitterUITests */,
			);
		};
/* End PBXProject section */

/* Begin PBXResourcesBuildPhase section */
		7007200F28B0B50F003AAC2C /* Resources */ = {
			isa = PBXResourcesBuildPhase;
			buildActionMask = 2147483647;
			files = (
				7007201C28B0B512003AAC2C /* Preview Assets.xcassets in Resources */,
				7007201928B0B512003AAC2C /* Assets.xcassets in Resources */,
				701E404C28C453E00036B582 /* GoogleService-Info.plist in Resources */,
			);
			runOnlyForDeploymentPostprocessing = 0;
		};
		7007201F28B0B512003AAC2C /* Resources */ = {
			isa = PBXResourcesBuildPhase;
			buildActionMask = 2147483647;
			files = (
			);
			runOnlyForDeploymentPostprocessing = 0;
		};
		7007202928B0B512003AAC2C /* Resources */ = {
			isa = PBXResourcesBuildPhase;
			buildActionMask = 2147483647;
			files = (
			);
			runOnlyForDeploymentPostprocessing = 0;
		};
/* End PBXResourcesBuildPhase section */

/* Begin PBXSourcesBuildPhase section */
		7007200D28B0B50F003AAC2C /* Sources */ = {
			isa = PBXSourcesBuildPhase;
			buildActionMask = 2147483647;
			files = (
				7007206428B201D0003AAC2C /* UserRowView.swift in Sources */,
				7007201728B0B50F003AAC2C /* ContentView.swift in Sources */,
				7007205D28B1D97F003AAC2C /* ProfileView.swift in Sources */,
				7007207028B3AABF003AAC2C /* SideMenuRowView.swift in Sources */,
				701E404A28C373DA0036B582 /* CustomInputField.swift in Sources */,
				7007206E28B3AAB3003AAC2C /* SideMenuView.swift in Sources */,
				7007204A28B0B6F5003AAC2C /* TweetRowView.swift in Sources */,
				7007204728B0B5FE003AAC2C /* FeedView.swift in Sources */,
				70A8991528CCB31C00F03454 /* ProfilePhotoSelectorView.swift in Sources */,
				7007205F28B1E7A1003AAC2C /* TweetFilterViewModel.swift in Sources */,
				7007205828B1D6B2003AAC2C /* NotificationView.swift in Sources */,
				7007201528B0B50F003AAC2C /* TwitterApp.swift in Sources */,
				7041F16D28B9FAB70003A4F6 /* TextArea.swift in Sources */,
				7007205328B1D690003AAC2C /* ExploreView.swift in Sources */,
				7041F17228BA00A20003A4F6 /* LoginView.swift in Sources */,
				7041F17428BA00AD0003A4F6 /* RegistrationView.swift in Sources */,
				7041F16B28B9F8940003A4F6 /* NewTweetView.swift in Sources */,
				7041F17628BA02F40003A4F6 /* RoundedShape.swift in Sources */,
				7007205628B1D6AA003AAC2C /* MessageView.swift in Sources */,
				70716C5128C4567000D73737 /* AuthViewModel.swift in Sources */,
				7007204D28B1D4DE003AAC2C /* MainTabView.swift in Sources */,
				7007206C28B3A9DE003AAC2C /* SideViewModel.swift in Sources */,
				7007207228B3AC04003AAC2C /* UserStatsView.swift in Sources */,
			);
			runOnlyForDeploymentPostprocessing = 0;
		};
		7007201D28B0B512003AAC2C /* Sources */ = {
			isa = PBXSourcesBuildPhase;
			buildActionMask = 2147483647;
			files = (
				7007202628B0B512003AAC2C /* TwitterTests.swift in Sources */,
			);
			runOnlyForDeploymentPostprocessing = 0;
		};
		7007202728B0B512003AAC2C /* Sources */ = {
			isa = PBXSourcesBuildPhase;
			buildActionMask = 2147483647;
			files = (
				7007203228B0B512003AAC2C /* TwitterUITestsLaunchTests.swift in Sources */,
				7007203028B0B512003AAC2C /* TwitterUITests.swift in Sources */,
			);
			runOnlyForDeploymentPostprocessing = 0;
		};
/* End PBXSourcesBuildPhase section */

/* Begin PBXTargetDependency section */
		7007202328B0B512003AAC2C /* PBXTargetDependency */ = {
			isa = PBXTargetDependency;
			target = 7007201028B0B50F003AAC2C /* Twitter */;
			targetProxy = 7007202228B0B512003AAC2C /* PBXContainerItemProxy */;
		};
		7007202D28B0B512003AAC2C /* PBXTargetDependency */ = {
			isa = PBXTargetDependency;
			target = 7007201028B0B50F003AAC2C /* Twitter */;
			targetProxy = 7007202C28B0B512003AAC2C /* PBXContainerItemProxy */;
		};
/* End PBXTargetDependency section */

/* Begin XCBuildConfiguration section */
		7007203328B0B512003AAC2C /* Debug */ = {
			isa = XCBuildConfiguration;
			buildSettings = {
				ALWAYS_SEARCH_USER_PATHS = NO;
				CLANG_ANALYZER_NONNULL = YES;
				CLANG_ANALYZER_NUMBER_OBJECT_CONVERSION = YES_AGGRESSIVE;
				CLANG_CXX_LANGUAGE_STANDARD = "gnu++17";
				CLANG_ENABLE_MODULES = YES;
				CLANG_ENABLE_OBJC_ARC = YES;
				CLANG_ENABLE_OBJC_WEAK = YES;
				CLANG_WARN_BLOCK_CAPTURE_AUTORELEASING = YES;
				CLANG_WARN_BOOL_CONVERSION = YES;
				CLANG_WARN_COMMA = YES;
				CLANG_WARN_CONSTANT_CONVERSION = YES;
				CLANG_WARN_DEPRECATED_OBJC_IMPLEMENTATIONS = YES;
				CLANG_WARN_DIRECT_OBJC_ISA_USAGE = YES_ERROR;
				CLANG_WARN_DOCUMENTATION_COMMENTS = YES;
				CLANG_WARN_EMPTY_BODY = YES;
				CLANG_WARN_ENUM_CONVERSION = YES;
				CLANG_WARN_INFINITE_RECURSION = YES;
				CLANG_WARN_INT_CONVERSION = YES;
				CLANG_WARN_NON_LITERAL_NULL_CONVERSION = YES;
				CLANG_WARN_OBJC_IMPLICIT_RETAIN_SELF = YES;
				CLANG_WARN_OBJC_LITERAL_CONVERSION = YES;
				CLANG_WARN_OBJC_ROOT_CLASS = YES_ERROR;
				CLANG_WARN_QUOTED_INCLUDE_IN_FRAMEWORK_HEADER = YES;
				CLANG_WARN_RANGE_LOOP_ANALYSIS = YES;
				CLANG_WARN_STRICT_PROTOTYPES = YES;
				CLANG_WARN_SUSPICIOUS_MOVE = YES;
				CLANG_WARN_UNGUARDED_AVAILABILITY = YES_AGGRESSIVE;
				CLANG_WARN_UNREACHABLE_CODE = YES;
				CLANG_WARN__DUPLICATE_METHOD_MATCH = YES;
				COPY_PHASE_STRIP = NO;
				DEBUG_INFORMATION_FORMAT = dwarf;
				ENABLE_STRICT_OBJC_MSGSEND = YES;
				ENABLE_TESTABILITY = YES;
				GCC_C_LANGUAGE_STANDARD = gnu11;
				GCC_DYNAMIC_NO_PIC = NO;
				GCC_NO_COMMON_BLOCKS = YES;
				GCC_OPTIMIZATION_LEVEL = 0;
				GCC_PREPROCESSOR_DEFINITIONS = (
					"DEBUG=1",
					"$(inherited)",
				);
				GCC_WARN_64_TO_32_BIT_CONVERSION = YES;
				GCC_WARN_ABOUT_RETURN_TYPE = YES_ERROR;
				GCC_WARN_UNDECLARED_SELECTOR = YES;
				GCC_WARN_UNINITIALIZED_AUTOS = YES_AGGRESSIVE;
				GCC_WARN_UNUSED_FUNCTION = YES;
				GCC_WARN_UNUSED_VARIABLE = YES;
				IPHONEOS_DEPLOYMENT_TARGET = 15.5;
				MTL_ENABLE_DEBUG_INFO = INCLUDE_SOURCE;
				MTL_FAST_MATH = YES;
				ONLY_ACTIVE_ARCH = YES;
				SDKROOT = iphoneos;
				SWIFT_ACTIVE_COMPILATION_CONDITIONS = DEBUG;
				SWIFT_OPTIMIZATION_LEVEL = "-Onone";
			};
			name = Debug;
		};
		7007203428B0B512003AAC2C /* Release */ = {
			isa = XCBuildConfiguration;
			buildSettings = {
				ALWAYS_SEARCH_USER_PATHS = NO;
				CLANG_ANALYZER_NONNULL = YES;
				CLANG_ANALYZER_NUMBER_OBJECT_CONVERSION = YES_AGGRESSIVE;
				CLANG_CXX_LANGUAGE_STANDARD = "gnu++17";
				CLANG_ENABLE_MODULES = YES;
				CLANG_ENABLE_OBJC_ARC = YES;
				CLANG_ENABLE_OBJC_WEAK = YES;
				CLANG_WARN_BLOCK_CAPTURE_AUTORELEASING = YES;
				CLANG_WARN_BOOL_CONVERSION = YES;
				CLANG_WARN_COMMA = YES;
				CLANG_WARN_CONSTANT_CONVERSION = YES;
				CLANG_WARN_DEPRECATED_OBJC_IMPLEMENTATIONS = YES;
				CLANG_WARN_DIRECT_OBJC_ISA_USAGE = YES_ERROR;
				CLANG_WARN_DOCUMENTATION_COMMENTS = YES;
				CLANG_WARN_EMPTY_BODY = YES;
				CLANG_WARN_ENUM_CONVERSION = YES;
				CLANG_WARN_INFINITE_RECURSION = YES;
				CLANG_WARN_INT_CONVERSION = YES;
				CLANG_WARN_NON_LITERAL_NULL_CONVERSION = YES;
				CLANG_WARN_OBJC_IMPLICIT_RETAIN_SELF = YES;
				CLANG_WARN_OBJC_LITERAL_CONVERSION = YES;
				CLANG_WARN_OBJC_ROOT_CLASS = YES_ERROR;
				CLANG_WARN_QUOTED_INCLUDE_IN_FRAMEWORK_HEADER = YES;
				CLANG_WARN_RANGE_LOOP_ANALYSIS = YES;
				CLANG_WARN_STRICT_PROTOTYPES = YES;
				CLANG_WARN_SUSPICIOUS_MOVE = YES;
				CLANG_WARN_UNGUARDED_AVAILABILITY = YES_AGGRESSIVE;
				CLANG_WARN_UNREACHABLE_CODE = YES;
				CLANG_WARN__DUPLICATE_METHOD_MATCH = YES;
				COPY_PHASE_STRIP = NO;
				DEBUG_INFORMATION_FORMAT = "dwarf-with-dsym";
				ENABLE_NS_ASSERTIONS = NO;
				ENABLE_STRICT_OBJC_MSGSEND = YES;
				GCC_C_LANGUAGE_STANDARD = gnu11;
				GCC_NO_COMMON_BLOCKS = YES;
				GCC_WARN_64_TO_32_BIT_CONVERSION = YES;
				GCC_WARN_ABOUT_RETURN_TYPE = YES_ERROR;
				GCC_WARN_UNDECLARED_SELECTOR = YES;
				GCC_WARN_UNINITIALIZED_AUTOS = YES_AGGRESSIVE;
				GCC_WARN_UNUSED_FUNCTION = YES;
				GCC_WARN_UNUSED_VARIABLE = YES;
				IPHONEOS_DEPLOYMENT_TARGET = 15.5;
				MTL_ENABLE_DEBUG_INFO = NO;
				MTL_FAST_MATH = YES;
				SDKROOT = iphoneos;
				SWIFT_COMPILATION_MODE = wholemodule;
				SWIFT_OPTIMIZATION_LEVEL = "-O";
				VALIDATE_PRODUCT = YES;
			};
			name = Release;
		};
		7007203628B0B512003AAC2C /* Debug */ = {
			isa = XCBuildConfiguration;
			buildSettings = {
				ASSETCATALOG_COMPILER_APPICON_NAME = AppIcon;
				ASSETCATALOG_COMPILER_GLOBAL_ACCENT_COLOR_NAME = AccentColor;
				CODE_SIGN_STYLE = Automatic;
				CURRENT_PROJECT_VERSION = 1;
				DEVELOPMENT_ASSET_PATHS = "\"Twitter/Preview Content\"";
				DEVELOPMENT_TEAM = 654TU434PY;
				ENABLE_PREVIEWS = YES;
				GENERATE_INFOPLIST_FILE = YES;
				INFOPLIST_KEY_UIApplicationSceneManifest_Generation = YES;
				INFOPLIST_KEY_UIApplicationSupportsIndirectInputEvents = YES;
				INFOPLIST_KEY_UILaunchScreen_Generation = YES;
				INFOPLIST_KEY_UISupportedInterfaceOrientations_iPad = "UIInterfaceOrientationPortrait UIInterfaceOrientationPortraitUpsideDown UIInterfaceOrientationLandscapeLeft UIInterfaceOrientationLandscapeRight";
				INFOPLIST_KEY_UISupportedInterfaceOrientations_iPhone = "UIInterfaceOrientationPortrait UIInterfaceOrientationLandscapeLeft UIInterfaceOrientationLandscapeRight";
				LD_RUNPATH_SEARCH_PATHS = (
					"$(inherited)",
					"@executable_path/Frameworks",
				);
				MARKETING_VERSION = 1.0;
				PRODUCT_BUNDLE_IDENTIFIER = com.morishjs.Twitter;
				PRODUCT_NAME = "$(TARGET_NAME)";
				SWIFT_EMIT_LOC_STRINGS = YES;
				SWIFT_VERSION = 5.0;
				TARGETED_DEVICE_FAMILY = "1,2";
			};
			name = Debug;
		};
		7007203728B0B512003AAC2C /* Release */ = {
			isa = XCBuildConfiguration;
			buildSettings = {
				ASSETCATALOG_COMPILER_APPICON_NAME = AppIcon;
				ASSETCATALOG_COMPILER_GLOBAL_ACCENT_COLOR_NAME = AccentColor;
				CODE_SIGN_STYLE = Automatic;
				CURRENT_PROJECT_VERSION = 1;
				DEVELOPMENT_ASSET_PATHS = "\"Twitter/Preview Content\"";
				DEVELOPMENT_TEAM = 654TU434PY;
				ENABLE_PREVIEWS = YES;
				GENERATE_INFOPLIST_FILE = YES;
				INFOPLIST_KEY_UIApplicationSceneManifest_Generation = YES;
				INFOPLIST_KEY_UIApplicationSupportsIndirectInputEvents = YES;
				INFOPLIST_KEY_UILaunchScreen_Generation = YES;
				INFOPLIST_KEY_UISupportedInterfaceOrientations_iPad = "UIInterfaceOrientationPortrait UIInterfaceOrientationPortraitUpsideDown UIInterfaceOrientationLandscapeLeft UIInterfaceOrientationLandscapeRight";
				INFOPLIST_KEY_UISupportedInterfaceOrientations_iPhone = "UIInterfaceOrientationPortrait UIInterfaceOrientationLandscapeLeft UIInterfaceOrientationLandscapeRight";
				LD_RUNPATH_SEARCH_PATHS = (
					"$(inherited)",
					"@executable_path/Frameworks",
				);
				MARKETING_VERSION = 1.0;
				PRODUCT_BUNDLE_IDENTIFIER = com.morishjs.Twitter;
				PRODUCT_NAME = "$(TARGET_NAME)";
				SWIFT_EMIT_LOC_STRINGS = YES;
				SWIFT_VERSION = 5.0;
				TARGETED_DEVICE_FAMILY = "1,2";
			};
			name = Release;
		};
		7007203928B0B512003AAC2C /* Debug */ = {
			isa = XCBuildConfiguration;
			buildSettings = {
				ALWAYS_EMBED_SWIFT_STANDARD_LIBRARIES = YES;
				BUNDLE_LOADER = "$(TEST_HOST)";
				CODE_SIGN_STYLE = Automatic;
				CURRENT_PROJECT_VERSION = 1;
				DEVELOPMENT_TEAM = 654TU434PY;
				GENERATE_INFOPLIST_FILE = YES;
				IPHONEOS_DEPLOYMENT_TARGET = 15.5;
				MARKETING_VERSION = 1.0;
				PRODUCT_BUNDLE_IDENTIFIER = com.morishjs.TwitterTests;
				PRODUCT_NAME = "$(TARGET_NAME)";
				SWIFT_EMIT_LOC_STRINGS = NO;
				SWIFT_VERSION = 5.0;
				TARGETED_DEVICE_FAMILY = "1,2";
				TEST_HOST = "$(BUILT_PRODUCTS_DIR)/Twitter.app/Twitter";
			};
			name = Debug;
		};
		7007203A28B0B512003AAC2C /* Release */ = {
			isa = XCBuildConfiguration;
			buildSettings = {
				ALWAYS_EMBED_SWIFT_STANDARD_LIBRARIES = YES;
				BUNDLE_LOADER = "$(TEST_HOST)";
				CODE_SIGN_STYLE = Automatic;
				CURRENT_PROJECT_VERSION = 1;
				DEVELOPMENT_TEAM = 654TU434PY;
				GENERATE_INFOPLIST_FILE = YES;
				IPHONEOS_DEPLOYMENT_TARGET = 15.5;
				MARKETING_VERSION = 1.0;
				PRODUCT_BUNDLE_IDENTIFIER = com.morishjs.TwitterTests;
				PRODUCT_NAME = "$(TARGET_NAME)";
				SWIFT_EMIT_LOC_STRINGS = NO;
				SWIFT_VERSION = 5.0;
				TARGETED_DEVICE_FAMILY = "1,2";
				TEST_HOST = "$(BUILT_PRODUCTS_DIR)/Twitter.app/Twitter";
			};
			name = Release;
		};
		7007203C28B0B512003AAC2C /* Debug */ = {
			isa = XCBuildConfiguration;
			buildSettings = {
				ALWAYS_EMBED_SWIFT_STANDARD_LIBRARIES = YES;
				CODE_SIGN_STYLE = Automatic;
				CURRENT_PROJECT_VERSION = 1;
				DEVELOPMENT_TEAM = 654TU434PY;
				GENERATE_INFOPLIST_FILE = YES;
				MARKETING_VERSION = 1.0;
				PRODUCT_BUNDLE_IDENTIFIER = com.morishjs.TwitterUITests;
				PRODUCT_NAME = "$(TARGET_NAME)";
				SWIFT_EMIT_LOC_STRINGS = NO;
				SWIFT_VERSION = 5.0;
				TARGETED_DEVICE_FAMILY = "1,2";
				TEST_TARGET_NAME = Twitter;
			};
			name = Debug;
		};
		7007203D28B0B512003AAC2C /* Release */ = {
			isa = XCBuildConfiguration;
			buildSettings = {
				ALWAYS_EMBED_SWIFT_STANDARD_LIBRARIES = YES;
				CODE_SIGN_STYLE = Automatic;
				CURRENT_PROJECT_VERSION = 1;
				DEVELOPMENT_TEAM = 654TU434PY;
				GENERATE_INFOPLIST_FILE = YES;
				MARKETING_VERSION = 1.0;
				PRODUCT_BUNDLE_IDENTIFIER = com.morishjs.TwitterUITests;
				PRODUCT_NAME = "$(TARGET_NAME)";
				SWIFT_EMIT_LOC_STRINGS = NO;
				SWIFT_VERSION = 5.0;
				TARGETED_DEVICE_FAMILY = "1,2";
				TEST_TARGET_NAME = Twitter;
			};
			name = Release;
		};
/* End XCBuildConfiguration section */

/* Begin XCConfigurationList section */
		7007200C28B0B50F003AAC2C /* Build configuration list for PBXProject "Twitter" */ = {
			isa = XCConfigurationList;
			buildConfigurations = (
				7007203328B0B512003AAC2C /* Debug */,
				7007203428B0B512003AAC2C /* Release */,
			);
			defaultConfigurationIsVisible = 0;
			defaultConfigurationName = Release;
		};
		7007203528B0B512003AAC2C /* Build configuration list for PBXNativeTarget "Twitter" */ = {
			isa = XCConfigurationList;
			buildConfigurations = (
				7007203628B0B512003AAC2C /* Debug */,
				7007203728B0B512003AAC2C /* Release */,
			);
			defaultConfigurationIsVisible = 0;
			defaultConfigurationName = Release;
		};
		7007203828B0B512003AAC2C /* Build configuration list for PBXNativeTarget "TwitterTests" */ = {
			isa = XCConfigurationList;
			buildConfigurations = (
				7007203928B0B512003AAC2C /* Debug */,
				7007203A28B0B512003AAC2C /* Release */,
			);
			defaultConfigurationIsVisible = 0;
			defaultConfigurationName = Release;
		};
		7007203B28B0B512003AAC2C /* Build configuration list for PBXNativeTarget "TwitterUITests" */ = {
			isa = XCConfigurationList;
			buildConfigurations = (
				7007203C28B0B512003AAC2C /* Debug */,
				7007203D28B0B512003AAC2C /* Release */,
			);
			defaultConfigurationIsVisible = 0;
			defaultConfigurationName = Release;
		};
/* End XCConfigurationList section */

/* Begin XCRemoteSwiftPackageReference section */
		70716C4728C4548500D73737 /* XCRemoteSwiftPackageReference "firebase-ios-sdk" */ = {
			isa = XCRemoteSwiftPackageReference;
			repositoryURL = "https://github.com/firebase/firebase-ios-sdk";
			requirement = {
				kind = upToNextMajorVersion;
				minimumVersion = 9.0.0;
			};
		};
/* End XCRemoteSwiftPackageReference section */

/* Begin XCSwiftPackageProductDependency section */
		70716C4828C4548500D73737 /* FirebaseAuth */ = {
			isa = XCSwiftPackageProductDependency;
			package = 70716C4728C4548500D73737 /* XCRemoteSwiftPackageReference "firebase-ios-sdk" */;
			productName = FirebaseAuth;
		};
		70716C4A28C4548500D73737 /* FirebaseFirestore */ = {
			isa = XCSwiftPackageProductDependency;
			package = 70716C4728C4548500D73737 /* XCRemoteSwiftPackageReference "firebase-ios-sdk" */;
			productName = FirebaseFirestore;
		};
		70716C4C28C4548500D73737 /* FirebaseFirestoreSwift */ = {
			isa = XCSwiftPackageProductDependency;
			package = 70716C4728C4548500D73737 /* XCRemoteSwiftPackageReference "firebase-ios-sdk" */;
			productName = FirebaseFirestoreSwift;
		};
		70716C4E28C4548500D73737 /* FirebaseStorage */ = {
			isa = XCSwiftPackageProductDependency;
			package = 70716C4728C4548500D73737 /* XCRemoteSwiftPackageReference "firebase-ios-sdk" */;
			productName = FirebaseStorage;
		};
/* End XCSwiftPackageProductDependency section */
	};
	rootObject = 7007200928B0B50F003AAC2C /* Project object */;
}
